
Microsoft Visual Studio Solution File, Format Version 12.00
# Visual Studio 2017
Project("{FAE04EC0-301F-11D3-BF4B-00C04F79EFBC}") = "balancingBall", "balancingBall.csproj", "{BFC0FDDF-626B-2E17-C705-88913AFC2880}"
EndProject
Global
	GlobalSection(SolutionConfigurationPlatforms) = preSolution
		Debug|Any CPU = Debug|Any CPU
		Release|Any CPU = Release|Any CPU
	EndGlobalSection
	GlobalSection(ProjectConfigurationPlatforms) = postSolution
		{BFC0FDDF-626B-2E17-C705-88913AFC2880}.Debug|Any CPU.ActiveCfg = Debug|Any CPU
		{BFC0FDDF-626B-2E17-C705-88913AFC2880}.Debug|Any CPU.Build.0 = Debug|Any CPU
		{BFC0FDDF-626B-2E17-C705-88913AFC2880}.Release|Any CPU.ActiveCfg = Release|Any CPU
		{BFC0FDDF-626B-2E17-C705-88913AFC2880}.Release|Any CPU.Build.0 = Release|Any CPU
	EndGlobalSection
	GlobalSection(SolutionProperties) = preSolution
		HideSolutionNode = FALSE
	EndGlobalSection
EndGlobal
